
Microsoft Visual Studio Solution File, Format Version 12.00
# Visual Studio Version 17
VisualStudioVersion = 17.7.34031.279
MinimumVisualStudioVersion = 10.0.40219.1
Project("{FAE04EC0-301F-11D3-BF4B-00C04F79EFBC}") = "1-Selenium_UlifeTest", "1-Selenium_UlifeTest.csproj", "{8012B2AB-4C98-45AD-AAE7-17D7CD706667}"
EndProject
Global
	GlobalSection(SolutionConfigurationPlatforms) = preSolution
		Debug|Any CPU = Debug|Any CPU
		Release|Any CPU = Release|Any CPU
	EndGlobalSection
	GlobalSection(ProjectConfigurationPlatforms) = postSolution
		{8012B2AB-4C98-45AD-AAE7-17D7CD706667}.Debug|Any CPU.ActiveCfg = Debug|Any CPU
		{8012B2AB-4C98-45AD-AAE7-17D7CD706667}.Debug|Any CPU.Build.0 = Debug|Any CPU
		{8012B2AB-4C98-45AD-AAE7-17D7CD706667}.Release|Any CPU.ActiveCfg = Release|Any CPU
		{8012B2AB-4C98-45AD-AAE7-17D7CD706667}.Release|Any CPU.Build.0 = Release|Any CPU
	EndGlobalSection
	GlobalSection(SolutionProperties) = preSolution
		HideSolutionNode = FALSE
	EndGlobalSection
	GlobalSection(ExtensibilityGlobals) = postSolution
		SolutionGuid = {D50480A3-63FD-4A5C-A76F-A2C23E7416A1}
	EndGlobalSection
EndGlobal
